{
    "_readme": [
        "This file locks the dependencies of your project to a known state",
        "Read more about it at https://getcomposer.org/doc/01-basic-usage.md#installing-dependencies",
        "This file is @generated automatically"
    ],
    "content-hash": "33bdb7de956b797ae361efc8ffa921be",
    "packages": [
        {
            "name": "composer/installers",
            "version": "v1.12.0",
            "source": {
                "type": "git",
                "url": "https://github.com/composer/installers.git",
                "reference": "d20a64ed3c94748397ff5973488761b22f6d3f19"
            },
            "dist": {
                "type": "zip",
                "url": "https://api.github.com/repos/composer/installers/zipball/d20a64ed3c94748397ff5973488761b22f6d3f19",
                "reference": "d20a64ed3c94748397ff5973488761b22f6d3f19",
                "shasum": ""
            },
            "require": {
                "composer-plugin-api": "^1.0 || ^2.0"
            },
            "replace": {
                "roundcube/plugin-installer": "*",
                "shama/baton": "*"
            },
            "require-dev": {
                "composer/composer": "1.6.* || ^2.0",
                "composer/semver": "^1 || ^3",
                "phpstan/phpstan": "^0.12.55",
                "phpstan/phpstan-phpunit": "^0.12.16",
                "symfony/phpunit-bridge": "^4.2 || ^5",
                "symfony/process": "^2.3"
            },
            "type": "composer-plugin",
            "extra": {
                "class": "Composer\\Installers\\Plugin",
                "branch-alias": {
                    "dev-main": "1.x-dev"
                }
            },
            "autoload": {
                "psr-4": {
                    "Composer\\Installers\\": "src/Composer/Installers"
                }
            },
            "notification-url": "https://packagist.org/downloads/",
            "license": [
                "MIT"
            ],
            "authors": [
                {
                    "name": "Kyle Robinson Young",
                    "email": "kyle@dontkry.com",
                    "homepage": "https://github.com/shama"
                }
            ],
            "description": "A multi-framework Composer library installer",
            "homepage": "https://composer.github.io/installers/",
            "keywords": [
                "Craft",
                "Dolibarr",
                "Eliasis",
                "Hurad",
                "ImageCMS",
                "Kanboard",
                "Lan Management System",
                "MODX Evo",
                "MantisBT",
                "Mautic",
                "Maya",
                "OXID",
                "Plentymarkets",
                "Porto",
                "RadPHP",
                "SMF",
                "Starbug",
                "Thelia",
                "Whmcs",
                "WolfCMS",
                "agl",
                "aimeos",
                "annotatecms",
                "attogram",
                "bitrix",
                "cakephp",
                "chef",
                "cockpit",
                "codeigniter",
                "concrete5",
                "croogo",
                "dokuwiki",
                "drupal",
                "eZ Platform",
                "elgg",
                "expressionengine",
                "fuelphp",
                "grav",
                "installer",
                "itop",
                "joomla",
                "known",
                "kohana",
                "laravel",
                "lavalite",
                "lithium",
                "magento",
                "majima",
                "mako",
                "mediawiki",
                "miaoxing",
                "modulework",
                "modx",
                "moodle",
                "osclass",
                "pantheon",
                "phpbb",
                "piwik",
                "ppi",
                "processwire",
                "puppet",
                "pxcms",
                "reindex",
                "roundcube",
                "shopware",
                "silverstripe",
                "sydes",
                "sylius",
                "symfony",
                "tastyigniter",
                "typo3",
                "wordpress",
                "yawik",
                "zend",
                "zikula"
            ],
            "support": {
                "issues": "https://github.com/composer/installers/issues",
                "source": "https://github.com/composer/installers/tree/v1.12.0"
            },
            "funding": [
                {
                    "url": "https://packagist.com",
                    "type": "custom"
                },
                {
                    "url": "https://github.com/composer",
                    "type": "github"
                },
                {
                    "url": "https://tidelift.com/funding/github/packagist/composer/composer",
                    "type": "tidelift"
                }
            ],
            "time": "2021-09-13T08:19:44+00:00"
        },
        {
            "name": "drupal/core-composer-scaffold",
            "version": "9.4.5",
            "source": {
                "type": "git",
                "url": "https://github.com/drupal/core-composer-scaffold.git",
                "reference": "5f37a9e4008b34e3e4f6bb34ce0b3f7e5ec8984f"
            },
            "dist": {
                "type": "zip",
                "url": "https://api.github.com/repos/drupal/core-composer-scaffold/zipball/5f37a9e4008b34e3e4f6bb34ce0b3f7e5ec8984f",
                "reference": "5f37a9e4008b34e3e4f6bb34ce0b3f7e5ec8984f",
                "shasum": ""
            },
            "require": {
                "composer-plugin-api": "^1 || ^2",
                "php": ">=7.3.0"
            },
            "conflict": {
                "drupal-composer/drupal-scaffold": "*"
            },
            "require-dev": {
                "composer/composer": "^1.8@stable"
            },
            "type": "composer-plugin",
            "extra": {
                "class": "Drupal\\Composer\\Plugin\\Scaffold\\Plugin",
                "branch-alias": {
                    "dev-master": "1.0.x-dev"
                }
            },
            "autoload": {
                "psr-4": {
                    "Drupal\\Composer\\Plugin\\Scaffold\\": ""
                }
            },
            "notification-url": "https://packagist.org/downloads/",
            "license": [
                "GPL-2.0-or-later"
            ],
            "description": "A flexible Composer project scaffold builder.",
            "homepage": "https://www.drupal.org/project/drupal",
            "keywords": [
                "drupal"
            ],
            "support": {
                "source": "https://github.com/drupal/core-composer-scaffold/tree/9.4.5"
            },
            "time": "2022-06-19T16:14:23+00:00"
        },
        {
            "name": "drupal/core-project-message",
            "version": "9.4.5",
            "source": {
                "type": "git",
                "url": "https://github.com/drupal/core-project-message.git",
                "reference": "5dfa0b75a057caf6542be67f61e7531c737db48c"
            },
            "dist": {
                "type": "zip",
                "url": "https://api.github.com/repos/drupal/core-project-message/zipball/5dfa0b75a057caf6542be67f61e7531c737db48c",
                "reference": "5dfa0b75a057caf6542be67f61e7531c737db48c",
                "shasum": ""
            },
            "require": {
                "composer-plugin-api": "^1.1 || ^2",
                "php": ">=7.3.0"
            },
            "type": "composer-plugin",
            "extra": {
                "class": "Drupal\\Composer\\Plugin\\ProjectMessage\\MessagePlugin"
            },
            "autoload": {
                "psr-4": {
                    "Drupal\\Composer\\Plugin\\ProjectMessage\\": "."
                }
            },
            "notification-url": "https://packagist.org/downloads/",
            "license": [
                "GPL-2.0-or-later"
            ],
            "description": "Adds a message after Composer installation.",
            "homepage": "https://www.drupal.org/project/drupal",
            "keywords": [
                "drupal"
            ],
            "support": {
                "source": "https://github.com/drupal/core-project-message/tree/9.4.5"
            },
            "time": "2022-02-24T17:40:53+00:00"
        }
    ],
    "packages-dev": [],
    "aliases": [],
    "minimum-stability": "stable",
    "stability-flags": [],
    "prefer-stable": true,
    "prefer-lowest": false,
    "platform": [],
    "platform-dev": [],
    "plugin-api-version": "2.1.0"
}
